
Microsoft Visual Studio Solution File, Format Version 12.00
# Visual Studio Version 16
VisualStudioVersion = 16.0.32106.194
MinimumVisualStudioVersion = 10.0.40219.1
Project("{F184B08F-C81C-45F6-A57F-5ABD9991F28F}") = "BulmerCPACh4No2", "BulmerCPACh4No2.vbproj", "{B40256E1-6012-42FB-AEB4-A057DA8E392B}"
EndProject
Global
	GlobalSection(SolutionConfigurationPlatforms) = preSolution
		Debug|Any CPU = Debug|Any CPU
		Release|Any CPU = Release|Any CPU
	EndGlobalSection
	GlobalSection(ProjectConfigurationPlatforms) = postSolution
		{B40256E1-6012-42FB-AEB4-A057DA8E392B}.Debug|Any CPU.ActiveCfg = Debug|Any CPU
		{B40256E1-6012-42FB-AEB4-A057DA8E392B}.Debug|Any CPU.Build.0 = Debug|Any CPU
		{B40256E1-6012-42FB-AEB4-A057DA8E392B}.Release|Any CPU.ActiveCfg = Release|Any CPU
		{B40256E1-6012-42FB-AEB4-A057DA8E392B}.Release|Any CPU.Build.0 = Release|Any CPU
	EndGlobalSection
	GlobalSection(SolutionProperties) = preSolution
		HideSolutionNode = FALSE
	EndGlobalSection
	GlobalSection(ExtensibilityGlobals) = postSolution
		SolutionGuid = {5658A642-4942-4E3A-A90D-91351C185C7D}
	EndGlobalSection
EndGlobal
